
Microsoft Visual Studio Solution File, Format Version 12.00
# Visual Studio 14
VisualStudioVersion = 14.0.24720.0
MinimumVisualStudioVersion = 10.0.40219.1
Project("{FAE04EC0-301F-11D3-BF4B-00C04F79EFBC}") = "XSqliteAsyncPCL.Droid", "XSqliteAsyncPCL\XSqliteAsyncPCL.Droid\XSqliteAsyncPCL.Droid.csproj", "{541BA16D-35F8-4A1D-A110-8BBE973DB246}"
EndProject
Project("{FAE04EC0-301F-11D3-BF4B-00C04F79EFBC}") = "XSqliteAsyncPCL.iOS", "XSqliteAsyncPCL\XSqliteAsyncPCL.iOS\XSqliteAsyncPCL.iOS.csproj", "{280A6D60-4EB2-4D74-A834-AA2D4C7622BF}"
EndProject
Project("{FAE04EC0-301F-11D3-BF4B-00C04F79EFBC}") = "XSqliteAsyncPCL.UWP", "XSqliteAsyncPCL\XSqliteAsyncPCL.UWP\XSqliteAsyncPCL.UWP.csproj", "{10F9ECF7-1CFA-429F-98F4-09665B17EB75}"
EndProject
Project("{FAE04EC0-301F-11D3-BF4B-00C04F79EFBC}") = "XSqliteAsyncPCL", "XSqliteAsyncPCL\XSqliteAsyncPCL\XSqliteAsyncPCL.csproj", "{CF39E486-AF6B-4618-9E7B-0C8D1E2A036A}"
EndProject
Global
	GlobalSection(SolutionConfigurationPlatforms) = preSolution
		Ad-Hoc|Any CPU = Ad-Hoc|Any CPU
		Ad-Hoc|ARM = Ad-Hoc|ARM
		Ad-Hoc|iPhone = Ad-Hoc|iPhone
		Ad-Hoc|iPhoneSimulator = Ad-Hoc|iPhoneSimulator
		Ad-Hoc|x64 = Ad-Hoc|x64
		Ad-Hoc|x86 = Ad-Hoc|x86
		AppStore|Any CPU = AppStore|Any CPU
		AppStore|ARM = AppStore|ARM
		AppStore|iPhone = AppStore|iPhone
		AppStore|iPhoneSimulator = AppStore|iPhoneSimulator
		AppStore|x64 = AppStore|x64
		AppStore|x86 = AppStore|x86
		Debug|Any CPU = Debug|Any CPU
		Debug|ARM = Debug|ARM
		Debug|iPhone = Debug|iPhone
		Debug|iPhoneSimulator = Debug|iPhoneSimulator
		Debug|x64 = Debug|x64
		Debug|x86 = Debug|x86
		Release|Any CPU = Release|Any CPU
		Release|ARM = Release|ARM
		Release|iPhone = Release|iPhone
		Release|iPhoneSimulator = Release|iPhoneSimulator
		Release|x64 = Release|x64
		Release|x86 = Release|x86
	EndGlobalSection
	GlobalSection(ProjectConfigurationPlatforms) = postSolution
		{541BA16D-35F8-4A1D-A110-8BBE973DB246}.Ad-Hoc|Any CPU.ActiveCfg = Release|Any CPU
		{541BA16D-35F8-4A1D-A110-8BBE973DB246}.Ad-Hoc|Any CPU.Build.0 = Release|Any CPU
		{541BA16D-35F8-4A1D-A110-8BBE973DB246}.Ad-Hoc|Any CPU.Deploy.0 = Release|Any CPU
		{541BA16D-35F8-4A1D-A110-8BBE973DB246}.Ad-Hoc|ARM.ActiveCfg = Release|Any CPU
		{541BA16D-35F8-4A1D-A110-8BBE973DB246}.Ad-Hoc|ARM.Build.0 = Release|Any CPU
		{541BA16D-35F8-4A1D-A110-8BBE973DB246}.Ad-Hoc|ARM.Deploy.0 = Release|Any CPU
		{541BA16D-35F8-4A1D-A110-8BBE973DB246}.Ad-Hoc|iPhone.ActiveCfg = Release|Any CPU
		{541BA16D-35F8-4A1D-A110-8BBE973DB246}.Ad-Hoc|iPhone.Build.0 = Release|Any CPU
		{541BA16D-35F8-4A1D-A110-8BBE973DB246}.Ad-Hoc|iPhone.Deploy.0 = Release|Any CPU
		{541BA16D-35F8-4A1D-A110-8BBE973DB246}.Ad-Hoc|iPhoneSimulator.ActiveCfg = Release|Any CPU
		{541BA16D-35F8-4A1D-A110-8BBE973DB246}.Ad-Hoc|iPhoneSimulator.Build.0 = Release|Any CPU
		{541BA16D-35F8-4A1D-A110-8BBE973DB246}.Ad-Hoc|iPhoneSimulator.Deploy.0 = Release|Any CPU
		{541BA16D-35F8-4A1D-A110-8BBE973DB246}.Ad-Hoc|x64.ActiveCfg = Release|Any CPU
		{541BA16D-35F8-4A1D-A110-8BBE973DB246}.Ad-Hoc|x64.Build.0 = Release|Any CPU
		{541BA16D-35F8-4A1D-A110-8BBE973DB246}.Ad-Hoc|x64.Deploy.0 = Release|Any CPU
		{541BA16D-35F8-4A1D-A110-8BBE973DB246}.Ad-Hoc|x86.ActiveCfg = Release|Any CPU
		{541BA16D-35F8-4A1D-A110-8BBE973DB246}.Ad-Hoc|x86.Build.0 = Release|Any CPU
		{541BA16D-35F8-4A1D-A110-8BBE973DB246}.Ad-Hoc|x86.Deploy.0 = Release|Any CPU
		{541BA16D-35F8-4A1D-A110-8BBE973DB246}.AppStore|Any CPU.ActiveCfg = Release|Any CPU
		{541BA16D-35F8-4A1D-A110-8BBE973DB246}.AppStore|Any CPU.Build.0 = Release|Any CPU
		{541BA16D-35F8-4A1D-A110-8BBE973DB246}.AppStore|Any CPU.Deploy.0 = Release|Any CPU
		{541BA16D-35F8-4A1D-A110-8BBE973DB246}.AppStore|ARM.ActiveCfg = Release|Any CPU
		{541BA16D-35F8-4A1D-A110-8BBE973DB246}.AppStore|ARM.Build.0 = Release|Any CPU
		{541BA16D-35F8-4A1D-A110-8BBE973DB246}.AppStore|ARM.Deploy.0 = Release|Any CPU
		{541BA16D-35F8-4A1D-A110-8BBE973DB246}.AppStore|iPhone.ActiveCfg = Release|Any CPU
		{541BA16D-35F8-4A1D-A110-8BBE973DB246}.AppStore|iPhone.Build.0 = Release|Any CPU
		{541BA16D-35F8-4A1D-A110-8BBE973DB246}.AppStore|iPhone.Deploy.0 = Release|Any CPU
		{541BA16D-35F8-4A1D-A110-8BBE973DB246}.AppStore|iPhoneSimulator.ActiveCfg = Release|Any CPU
		{541BA16D-35F8-4A1D-A110-8BBE973DB246}.AppStore|iPhoneSimulator.Build.0 = Release|Any CPU
		{541BA16D-35F8-4A1D-A110-8BBE973DB246}.AppStore|iPhoneSimulator.Deploy.0 = Release|Any CPU
		{541BA16D-35F8-4A1D-A110-8BBE973DB246}.AppStore|x64.ActiveCfg = Release|Any CPU
		{541BA16D-35F8-4A1D-A110-8BBE973DB246}.AppStore|x64.Build.0 = Release|Any CPU
		{541BA16D-35F8-4A1D-A110-8BBE973DB246}.AppStore|x64.Deploy.0 = Release|Any CPU
		{541BA16D-35F8-4A1D-A110-8BBE973DB246}.AppStore|x86.ActiveCfg = Release|Any CPU
		{541BA16D-35F8-4A1D-A110-8BBE973DB246}.AppStore|x86.Build.0 = Release|Any CPU
		{541BA16D-35F8-4A1D-A110-8BBE973DB246}.AppStore|x86.Deploy.0 = Release|Any CPU
		{541BA16D-35F8-4A1D-A110-8BBE973DB246}.Debug|Any CPU.ActiveCfg = Debug|Any CPU
		{541BA16D-35F8-4A1D-A110-8BBE973DB246}.Debug|Any CPU.Build.0 = Debug|Any CPU
		{541BA16D-35F8-4A1D-A110-8BBE973DB246}.Debug|Any CPU.Deploy.0 = Debug|Any CPU
		{541BA16D-35F8-4A1D-A110-8BBE973DB246}.Debug|ARM.ActiveCfg = Debug|Any CPU
		{541BA16D-35F8-4A1D-A110-8BBE973DB246}.Debug|ARM.Build.0 = Debug|Any CPU
		{541BA16D-35F8-4A1D-A110-8BBE973DB246}.Debug|ARM.Deploy.0 = Debug|Any CPU
		{541BA16D-35F8-4A1D-A110-8BBE973DB246}.Debug|iPhone.ActiveCfg = Debug|Any CPU
		{541BA16D-35F8-4A1D-A110-8BBE973DB246}.Debug|iPhone.Build.0 = Debug|Any CPU
		{541BA16D-35F8-4A1D-A110-8BBE973DB246}.Debug|iPhone.Deploy.0 = Debug|Any CPU
		{541BA16D-35F8-4A1D-A110-8BBE973DB246}.Debug|iPhoneSimulator.ActiveCfg = Debug|Any CPU
		{541BA16D-35F8-4A1D-A110-8BBE973DB246}.Debug|iPhoneSimulator.Build.0 = Debug|Any CPU
		{541BA16D-35F8-4A1D-A110-8BBE973DB246}.Debug|iPhoneSimulator.Deploy.0 = Debug|Any CPU
		{541BA16D-35F8-4A1D-A110-8BBE973DB246}.Debug|x64.ActiveCfg = Debug|Any CPU
		{541BA16D-35F8-4A1D-A110-8BBE973DB246}.Debug|x64.Build.0 = Debug|Any CPU
		{541BA16D-35F8-4A1D-A110-8BBE973DB246}.Debug|x64.Deploy.0 = Debug|Any CPU
		{541BA16D-35F8-4A1D-A110-8BBE973DB246}.Debug|x86.ActiveCfg = Debug|Any CPU
		{541BA16D-35F8-4A1D-A110-8BBE973DB246}.Debug|x86.Build.0 = Debug|Any CPU
		{541BA16D-35F8-4A1D-A110-8BBE973DB246}.Debug|x86.Deploy.0 = Debug|Any CPU
		{541BA16D-35F8-4A1D-A110-8BBE973DB246}.Release|Any CPU.ActiveCfg = Release|Any CPU
		{541BA16D-35F8-4A1D-A110-8BBE973DB246}.Release|Any CPU.Build.0 = Release|Any CPU
		{541BA16D-35F8-4A1D-A110-8BBE973DB246}.Release|Any CPU.Deploy.0 = Release|Any CPU
		{541BA16D-35F8-4A1D-A110-8BBE973DB246}.Release|ARM.ActiveCfg = Release|Any CPU
		{541BA16D-35F8-4A1D-A110-8BBE973DB246}.Release|ARM.Build.0 = Release|Any CPU
		{541BA16D-35F8-4A1D-A110-8BBE973DB246}.Release|ARM.Deploy.0 = Release|Any CPU
		{541BA16D-35F8-4A1D-A110-8BBE973DB246}.Release|iPhone.ActiveCfg = Release|Any CPU
		{541BA16D-35F8-4A1D-A110-8BBE973DB246}.Release|iPhone.Build.0 = Release|Any CPU
		{541BA16D-35F8-4A1D-A110-8BBE973DB246}.Release|iPhone.Deploy.0 = Release|Any CPU
		{541BA16D-35F8-4A1D-A110-8BBE973DB246}.Release|iPhoneSimulator.ActiveCfg = Release|Any CPU
		{541BA16D-35F8-4A1D-A110-8BBE973DB246}.Release|iPhoneSimulator.Build.0 = Release|Any CPU
		{541BA16D-35F8-4A1D-A110-8BBE973DB246}.Release|iPhoneSimulator.Deploy.0 = Release|Any CPU
		{541BA16D-35F8-4A1D-A110-8BBE973DB246}.Release|x64.ActiveCfg = Release|Any CPU
		{541BA16D-35F8-4A1D-A110-8BBE973DB246}.Release|x64.Build.0 = Release|Any CPU
		{541BA16D-35F8-4A1D-A110-8BBE973DB246}.Release|x64.Deploy.0 = Release|Any CPU
		{541BA16D-35F8-4A1D-A110-8BBE973DB246}.Release|x86.ActiveCfg = Release|Any CPU
		{541BA16D-35F8-4A1D-A110-8BBE973DB246}.Release|x86.Build.0 = Release|Any CPU
		{541BA16D-35F8-4A1D-A110-8BBE973DB246}.Release|x86.Deploy.0 = Release|Any CPU
		{280A6D60-4EB2-4D74-A834-AA2D4C7622BF}.Ad-Hoc|Any CPU.ActiveCfg = Ad-Hoc|iPhone
		{280A6D60-4EB2-4D74-A834-AA2D4C7622BF}.Ad-Hoc|ARM.ActiveCfg = Ad-Hoc|iPhone
		{280A6D60-4EB2-4D74-A834-AA2D4C7622BF}.Ad-Hoc|iPhone.ActiveCfg = Ad-Hoc|iPhone
		{280A6D60-4EB2-4D74-A834-AA2D4C7622BF}.Ad-Hoc|iPhone.Build.0 = Ad-Hoc|iPhone
		{280A6D60-4EB2-4D74-A834-AA2D4C7622BF}.Ad-Hoc|iPhoneSimulator.ActiveCfg = Ad-Hoc|iPhoneSimulator
		{280A6D60-4EB2-4D74-A834-AA2D4C7622BF}.Ad-Hoc|iPhoneSimulator.Build.0 = Ad-Hoc|iPhoneSimulator
		{280A6D60-4EB2-4D74-A834-AA2D4C7622BF}.Ad-Hoc|x64.ActiveCfg = Ad-Hoc|iPhone
		{280A6D60-4EB2-4D74-A834-AA2D4C7622BF}.Ad-Hoc|x86.ActiveCfg = Ad-Hoc|iPhone
		{280A6D60-4EB2-4D74-A834-AA2D4C7622BF}.AppStore|Any CPU.ActiveCfg = AppStore|iPhone
		{280A6D60-4EB2-4D74-A834-AA2D4C7622BF}.AppStore|ARM.ActiveCfg = AppStore|iPhone
		{280A6D60-4EB2-4D74-A834-AA2D4C7622BF}.AppStore|iPhone.ActiveCfg = AppStore|iPhone
		{280A6D60-4EB2-4D74-A834-AA2D4C7622BF}.AppStore|iPhone.Build.0 = AppStore|iPhone
		{280A6D60-4EB2-4D74-A834-AA2D4C7622BF}.AppStore|iPhoneSimulator.ActiveCfg = AppStore|iPhoneSimulator
		{280A6D60-4EB2-4D74-A834-AA2D4C7622BF}.AppStore|iPhoneSimulator.Build.0 = AppStore|iPhoneSimulator
		{280A6D60-4EB2-4D74-A834-AA2D4C7622BF}.AppStore|x64.ActiveCfg = AppStore|iPhone
		{280A6D60-4EB2-4D74-A834-AA2D4C7622BF}.AppStore|x86.ActiveCfg = AppStore|iPhone
		{280A6D60-4EB2-4D74-A834-AA2D4C7622BF}.Debug|Any CPU.ActiveCfg = Debug|iPhone
		{280A6D60-4EB2-4D74-A834-AA2D4C7622BF}.Debug|ARM.ActiveCfg = Debug|iPhone
		{280A6D60-4EB2-4D74-A834-AA2D4C7622BF}.Debug|iPhone.ActiveCfg = Debug|iPhone
		{280A6D60-4EB2-4D74-A834-AA2D4C7622BF}.Debug|iPhone.Build.0 = Debug|iPhone
		{280A6D60-4EB2-4D74-A834-AA2D4C7622BF}.Debug|iPhoneSimulator.ActiveCfg = Debug|iPhoneSimulator
		{280A6D60-4EB2-4D74-A834-AA2D4C7622BF}.Debug|iPhoneSimulator.Build.0 = Debug|iPhoneSimulator
		{280A6D60-4EB2-4D74-A834-AA2D4C7622BF}.Debug|x64.ActiveCfg = Debug|iPhone
		{280A6D60-4EB2-4D74-A834-AA2D4C7622BF}.Debug|x86.ActiveCfg = Debug|iPhone
		{280A6D60-4EB2-4D74-A834-AA2D4C7622BF}.Release|Any CPU.ActiveCfg = Release|iPhone
		{280A6D60-4EB2-4D74-A834-AA2D4C7622BF}.Release|ARM.ActiveCfg = Release|iPhone
		{280A6D60-4EB2-4D74-A834-AA2D4C7622BF}.Release|iPhone.ActiveCfg = Release|iPhone
		{280A6D60-4EB2-4D74-A834-AA2D4C7622BF}.Release|iPhone.Build.0 = Release|iPhone
		{280A6D60-4EB2-4D74-A834-AA2D4C7622BF}.Release|iPhoneSimulator.ActiveCfg = Release|iPhoneSimulator
		{280A6D60-4EB2-4D74-A834-AA2D4C7622BF}.Release|iPhoneSimulator.Build.0 = Release|iPhoneSimulator
		{280A6D60-4EB2-4D74-A834-AA2D4C7622BF}.Release|x64.ActiveCfg = Release|iPhone
		{280A6D60-4EB2-4D74-A834-AA2D4C7622BF}.Release|x86.ActiveCfg = Release|iPhone
		{10F9ECF7-1CFA-429F-98F4-09665B17EB75}.Ad-Hoc|Any CPU.ActiveCfg = Release|x86
		{10F9ECF7-1CFA-429F-98F4-09665B17EB75}.Ad-Hoc|Any CPU.Build.0 = Release|x86
		{10F9ECF7-1CFA-429F-98F4-09665B17EB75}.Ad-Hoc|Any CPU.Deploy.0 = Release|x86
		{10F9ECF7-1CFA-429F-98F4-09665B17EB75}.Ad-Hoc|ARM.ActiveCfg = Release|ARM
		{10F9ECF7-1CFA-429F-98F4-09665B17EB75}.Ad-Hoc|ARM.Build.0 = Release|ARM
		{10F9ECF7-1CFA-429F-98F4-09665B17EB75}.Ad-Hoc|ARM.Deploy.0 = Release|ARM
		{10F9ECF7-1CFA-429F-98F4-09665B17EB75}.Ad-Hoc|iPhone.ActiveCfg = Release|x86
		{10F9ECF7-1CFA-429F-98F4-09665B17EB75}.Ad-Hoc|iPhone.Build.0 = Release|x86
		{10F9ECF7-1CFA-429F-98F4-09665B17EB75}.Ad-Hoc|iPhone.Deploy.0 = Release|x86
		{10F9ECF7-1CFA-429F-98F4-09665B17EB75}.Ad-Hoc|iPhoneSimulator.ActiveCfg = Release|x86
		{10F9ECF7-1CFA-429F-98F4-09665B17EB75}.Ad-Hoc|iPhoneSimulator.Build.0 = Release|x86
		{10F9ECF7-1CFA-429F-98F4-09665B17EB75}.Ad-Hoc|iPhoneSimulator.Deploy.0 = Release|x86
		{10F9ECF7-1CFA-429F-98F4-09665B17EB75}.Ad-Hoc|x64.ActiveCfg = Release|x64
		{10F9ECF7-1CFA-429F-98F4-09665B17EB75}.Ad-Hoc|x64.Build.0 = Release|x64
		{10F9ECF7-1CFA-429F-98F4-09665B17EB75}.Ad-Hoc|x64.Deploy.0 = Release|x64
		{10F9ECF7-1CFA-429F-98F4-09665B17EB75}.Ad-Hoc|x86.ActiveCfg = Release|x86
		{10F9ECF7-1CFA-429F-98F4-09665B17EB75}.Ad-Hoc|x86.Build.0 = Release|x86
		{10F9ECF7-1CFA-429F-98F4-09665B17EB75}.Ad-Hoc|x86.Deploy.0 = Release|x86
		{10F9ECF7-1CFA-429F-98F4-09665B17EB75}.AppStore|Any CPU.ActiveCfg = Release|x86
		{10F9ECF7-1CFA-429F-98F4-09665B17EB75}.AppStore|Any CPU.Build.0 = Release|x86
		{10F9ECF7-1CFA-429F-98F4-09665B17EB75}.AppStore|Any CPU.Deploy.0 = Release|x86
		{10F9ECF7-1CFA-429F-98F4-09665B17EB75}.AppStore|ARM.ActiveCfg = Release|ARM
		{10F9ECF7-1CFA-429F-98F4-09665B17EB75}.AppStore|ARM.Build.0 = Release|ARM
		{10F9ECF7-1CFA-429F-98F4-09665B17EB75}.AppStore|ARM.Deploy.0 = Release|ARM
		{10F9ECF7-1CFA-429F-98F4-09665B17EB75}.AppStore|iPhone.ActiveCfg = Release|x86
		{10F9ECF7-1CFA-429F-98F4-09665B17EB75}.AppStore|iPhone.Build.0 = Release|x86
		{10F9ECF7-1CFA-429F-98F4-09665B17EB75}.AppStore|iPhone.Deploy.0 = Release|x86
		{10F9ECF7-1CFA-429F-98F4-09665B17EB75}.AppStore|iPhoneSimulator.ActiveCfg = Release|x86
		{10F9ECF7-1CFA-429F-98F4-09665B17EB75}.AppStore|iPhoneSimulator.Build.0 = Release|x86
		{10F9ECF7-1CFA-429F-98F4-09665B17EB75}.AppStore|iPhoneSimulator.Deploy.0 = Release|x86
		{10F9ECF7-1CFA-429F-98F4-09665B17EB75}.AppStore|x64.ActiveCfg = Release|x64
		{10F9ECF7-1CFA-429F-98F4-09665B17EB75}.AppStore|x64.Build.0 = Release|x64
		{10F9ECF7-1CFA-429F-98F4-09665B17EB75}.AppStore|x64.Deploy.0 = Release|x64
		{10F9ECF7-1CFA-429F-98F4-09665B17EB75}.AppStore|x86.ActiveCfg = Release|x86
		{10F9ECF7-1CFA-429F-98F4-09665B17EB75}.AppStore|x86.Build.0 = Release|x86
		{10F9ECF7-1CFA-429F-98F4-09665B17EB75}.AppStore|x86.Deploy.0 = Release|x86
		{10F9ECF7-1CFA-429F-98F4-09665B17EB75}.Debug|Any CPU.ActiveCfg = Debug|x86
		{10F9ECF7-1CFA-429F-98F4-09665B17EB75}.Debug|ARM.ActiveCfg = Debug|ARM
		{10F9ECF7-1CFA-429F-98F4-09665B17EB75}.Debug|ARM.Build.0 = Debug|ARM
		{10F9ECF7-1CFA-429F-98F4-09665B17EB75}.Debug|ARM.Deploy.0 = Debug|ARM
		{10F9ECF7-1CFA-429F-98F4-09665B17EB75}.Debug|iPhone.ActiveCfg = Debug|x86
		{10F9ECF7-1CFA-429F-98F4-09665B17EB75}.Debug|iPhoneSimulator.ActiveCfg = Debug|x86
		{10F9ECF7-1CFA-429F-98F4-09665B17EB75}.Debug|x64.ActiveCfg = Debug|x64
		{10F9ECF7-1CFA-429F-98F4-09665B17EB75}.Debug|x64.Build.0 = Debug|x64
		{10F9ECF7-1CFA-429F-98F4-09665B17EB75}.Debug|x64.Deploy.0 = Debug|x64
		{10F9ECF7-1CFA-429F-98F4-09665B17EB75}.Debug|x86.ActiveCfg = Debug|x86
		{10F9ECF7-1CFA-429F-98F4-09665B17EB75}.Debug|x86.Build.0 = Debug|x86
		{10F9ECF7-1CFA-429F-98F4-09665B17EB75}.Debug|x86.Deploy.0 = Debug|x86
		{10F9ECF7-1CFA-429F-98F4-09665B17EB75}.Release|Any CPU.ActiveCfg = Release|x86
		{10F9ECF7-1CFA-429F-98F4-09665B17EB75}.Release|ARM.ActiveCfg = Release|ARM
		{10F9ECF7-1CFA-429F-98F4-09665B17EB75}.Release|ARM.Build.0 = Release|ARM
		{10F9ECF7-1CFA-429F-98F4-09665B17EB75}.Release|ARM.Deploy.0 = Release|ARM
		{10F9ECF7-1CFA-429F-98F4-09665B17EB75}.Release|iPhone.ActiveCfg = Release|x86
		{10F9ECF7-1CFA-429F-98F4-09665B17EB75}.Release|iPhoneSimulator.ActiveCfg = Release|x86
		{10F9ECF7-1CFA-429F-98F4-09665B17EB75}.Release|x64.ActiveCfg = Release|x64
		{10F9ECF7-1CFA-429F-98F4-09665B17EB75}.Release|x64.Build.0 = Release|x64
		{10F9ECF7-1CFA-429F-98F4-09665B17EB75}.Release|x64.Deploy.0 = Release|x64
		{10F9ECF7-1CFA-429F-98F4-09665B17EB75}.Release|x86.ActiveCfg = Release|x86
		{10F9ECF7-1CFA-429F-98F4-09665B17EB75}.Release|x86.Build.0 = Release|x86
		{10F9ECF7-1CFA-429F-98F4-09665B17EB75}.Release|x86.Deploy.0 = Release|x86
		{CF39E486-AF6B-4618-9E7B-0C8D1E2A036A}.Ad-Hoc|Any CPU.ActiveCfg = Release|Any CPU
		{CF39E486-AF6B-4618-9E7B-0C8D1E2A036A}.Ad-Hoc|Any CPU.Build.0 = Release|Any CPU
		{CF39E486-AF6B-4618-9E7B-0C8D1E2A036A}.Ad-Hoc|ARM.ActiveCfg = Release|Any CPU
		{CF39E486-AF6B-4618-9E7B-0C8D1E2A036A}.Ad-Hoc|ARM.Build.0 = Release|Any CPU
		{CF39E486-AF6B-4618-9E7B-0C8D1E2A036A}.Ad-Hoc|iPhone.ActiveCfg = Release|Any CPU
		{CF39E486-AF6B-4618-9E7B-0C8D1E2A036A}.Ad-Hoc|iPhone.Build.0 = Release|Any CPU
		{CF39E486-AF6B-4618-9E7B-0C8D1E2A036A}.Ad-Hoc|iPhoneSimulator.ActiveCfg = Release|Any CPU
		{CF39E486-AF6B-4618-9E7B-0C8D1E2A036A}.Ad-Hoc|iPhoneSimulator.Build.0 = Release|Any CPU
		{CF39E486-AF6B-4618-9E7B-0C8D1E2A036A}.Ad-Hoc|x64.ActiveCfg = Release|Any CPU
		{CF39E486-AF6B-4618-9E7B-0C8D1E2A036A}.Ad-Hoc|x64.Build.0 = Release|Any CPU
		{CF39E486-AF6B-4618-9E7B-0C8D1E2A036A}.Ad-Hoc|x86.ActiveCfg = Release|Any CPU
		{CF39E486-AF6B-4618-9E7B-0C8D1E2A036A}.Ad-Hoc|x86.Build.0 = Release|Any CPU
		{CF39E486-AF6B-4618-9E7B-0C8D1E2A036A}.AppStore|Any CPU.ActiveCfg = Release|Any CPU
		{CF39E486-AF6B-4618-9E7B-0C8D1E2A036A}.AppStore|Any CPU.Build.0 = Release|Any CPU
		{CF39E486-AF6B-4618-9E7B-0C8D1E2A036A}.AppStore|ARM.ActiveCfg = Release|Any CPU
		{CF39E486-AF6B-4618-9E7B-0C8D1E2A036A}.AppStore|ARM.Build.0 = Release|Any CPU
		{CF39E486-AF6B-4618-9E7B-0C8D1E2A036A}.AppStore|iPhone.ActiveCfg = Release|Any CPU
		{CF39E486-AF6B-4618-9E7B-0C8D1E2A036A}.AppStore|iPhone.Build.0 = Release|Any CPU
		{CF39E486-AF6B-4618-9E7B-0C8D1E2A036A}.AppStore|iPhoneSimulator.ActiveCfg = Release|Any CPU
		{CF39E486-AF6B-4618-9E7B-0C8D1E2A036A}.AppStore|iPhoneSimulator.Build.0 = Release|Any CPU
		{CF39E486-AF6B-4618-9E7B-0C8D1E2A036A}.AppStore|x64.ActiveCfg = Release|Any CPU
		{CF39E486-AF6B-4618-9E7B-0C8D1E2A036A}.AppStore|x64.Build.0 = Release|Any CPU
		{CF39E486-AF6B-4618-9E7B-0C8D1E2A036A}.AppStore|x86.ActiveCfg = Release|Any CPU
		{CF39E486-AF6B-4618-9E7B-0C8D1E2A036A}.AppStore|x86.Build.0 = Release|Any CPU
		{CF39E486-AF6B-4618-9E7B-0C8D1E2A036A}.Debug|Any CPU.ActiveCfg = Debug|Any CPU
		{CF39E486-AF6B-4618-9E7B-0C8D1E2A036A}.Debug|Any CPU.Build.0 = Debug|Any CPU
		{CF39E486-AF6B-4618-9E7B-0C8D1E2A036A}.Debug|ARM.ActiveCfg = Debug|Any CPU
		{CF39E486-AF6B-4618-9E7B-0C8D1E2A036A}.Debug|ARM.Build.0 = Debug|Any CPU
		{CF39E486-AF6B-4618-9E7B-0C8D1E2A036A}.Debug|iPhone.ActiveCfg = Debug|Any CPU
		{CF39E486-AF6B-4618-9E7B-0C8D1E2A036A}.Debug|iPhone.Build.0 = Debug|Any CPU
		{CF39E486-AF6B-4618-9E7B-0C8D1E2A036A}.Debug|iPhoneSimulator.ActiveCfg = Debug|Any CPU
		{CF39E486-AF6B-4618-9E7B-0C8D1E2A036A}.Debug|iPhoneSimulator.Build.0 = Debug|Any CPU
		{CF39E486-AF6B-4618-9E7B-0C8D1E2A036A}.Debug|x64.ActiveCfg = Debug|Any CPU
		{CF39E486-AF6B-4618-9E7B-0C8D1E2A036A}.Debug|x64.Build.0 = Debug|Any CPU
		{CF39E486-AF6B-4618-9E7B-0C8D1E2A036A}.Debug|x86.ActiveCfg = Debug|Any CPU
		{CF39E486-AF6B-4618-9E7B-0C8D1E2A036A}.Debug|x86.Build.0 = Debug|Any CPU
		{CF39E486-AF6B-4618-9E7B-0C8D1E2A036A}.Release|Any CPU.ActiveCfg = Release|Any CPU
		{CF39E486-AF6B-4618-9E7B-0C8D1E2A036A}.Release|Any CPU.Build.0 = Release|Any CPU
		{CF39E486-AF6B-4618-9E7B-0C8D1E2A036A}.Release|ARM.ActiveCfg = Release|Any CPU
		{CF39E486-AF6B-4618-9E7B-0C8D1E2A036A}.Release|ARM.Build.0 = Release|Any CPU
		{CF39E486-AF6B-4618-9E7B-0C8D1E2A036A}.Release|iPhone.ActiveCfg = Release|Any CPU
		{CF39E486-AF6B-4618-9E7B-0C8D1E2A036A}.Release|iPhone.Build.0 = Release|Any CPU
		{CF39E486-AF6B-4618-9E7B-0C8D1E2A036A}.Release|iPhoneSimulator.ActiveCfg = Release|Any CPU
		{CF39E486-AF6B-4618-9E7B-0C8D1E2A036A}.Release|iPhoneSimulator.Build.0 = Release|Any CPU
		{CF39E486-AF6B-4618-9E7B-0C8D1E2A036A}.Release|x64.ActiveCfg = Release|Any CPU
		{CF39E486-AF6B-4618-9E7B-0C8D1E2A036A}.Release|x64.Build.0 = Release|Any CPU
		{CF39E486-AF6B-4618-9E7B-0C8D1E2A036A}.Release|x86.ActiveCfg = Release|Any CPU
		{CF39E486-AF6B-4618-9E7B-0C8D1E2A036A}.Release|x86.Build.0 = Release|Any CPU
	EndGlobalSection
	GlobalSection(SolutionProperties) = preSolution
		HideSolutionNode = FALSE
	EndGlobalSection
EndGlobal
